
Microsoft Visual Studio Solution File, Format Version 12.00
# Visual Studio Version 16
VisualStudioVersion = 16.0.29503.13
MinimumVisualStudioVersion = 10.0.40219.1
Project("{FAE04EC0-301F-11D3-BF4B-00C04F79EFBC}") = "WpfApp3", "WpfApp3\WpfApp3.csproj", "{1473BFAE-F234-4721-84C2-20C16DF889BC}"
EndProject
Project("{9A19103F-16F7-4668-BE54-9A1E7A4F7556}") = "DAL", "DAL\DAL.csproj", "{AE0EB4C7-EAA4-48C2-9DD7-53C4CE31F59A}"
EndProject
Project("{9A19103F-16F7-4668-BE54-9A1E7A4F7556}") = "BL", "BL\BL.csproj", "{BAD07F28-5BBF-4680-8B92-7F85ACDFA9CD}"
EndProject
Project("{9A19103F-16F7-4668-BE54-9A1E7A4F7556}") = "BE", "BE\BE.csproj", "{612C899B-822D-489F-A35C-6B4F7404C22C}"
EndProject
Project("{FAE04EC0-301F-11D3-BF4B-00C04F79EFBC}") = "UI", "UI\UI.csproj", "{E49A3B49-284A-48F0-95C8-DE27D642A959}"
EndProject
Project("{9A19103F-16F7-4668-BE54-9A1E7A4F7556}") = "PL", "PL\PL.csproj", "{44F7A0B6-067D-4FC0-873A-7907F8D9317F}"
EndProject
Project("{FAE04EC0-301F-11D3-BF4B-00C04F79EFBC}") = "DS1", "DS1\DS1.csproj", "{8C15FB9F-7003-4D45-AC4A-BAE386F24852}"
EndProject
Project("{9A19103F-16F7-4668-BE54-9A1E7A4F7556}") = "DS2", "DS2\DS2.csproj", "{FF4B0225-2541-41AF-9664-D7C4DDEE2F4D}"
EndProject
Project("{FAE04EC0-301F-11D3-BF4B-00C04F79EFBC}") = "WPF_UI", "WPF_UI\WPF_UI.csproj", "{6538AA29-8806-4F24-B99E-D617DDF7A96B}"
EndProject
Global
	GlobalSection(SolutionConfigurationPlatforms) = preSolution
		Debug|Any CPU = Debug|Any CPU
		Release|Any CPU = Release|Any CPU
	EndGlobalSection
	GlobalSection(ProjectConfigurationPlatforms) = postSolution
		{1473BFAE-F234-4721-84C2-20C16DF889BC}.Debug|Any CPU.ActiveCfg = Debug|Any CPU
		{1473BFAE-F234-4721-84C2-20C16DF889BC}.Debug|Any CPU.Build.0 = Debug|Any CPU
		{1473BFAE-F234-4721-84C2-20C16DF889BC}.Release|Any CPU.ActiveCfg = Release|Any CPU
		{1473BFAE-F234-4721-84C2-20C16DF889BC}.Release|Any CPU.Build.0 = Release|Any CPU
		{AE0EB4C7-EAA4-48C2-9DD7-53C4CE31F59A}.Debug|Any CPU.ActiveCfg = Debug|Any CPU
		{AE0EB4C7-EAA4-48C2-9DD7-53C4CE31F59A}.Debug|Any CPU.Build.0 = Debug|Any CPU
		{AE0EB4C7-EAA4-48C2-9DD7-53C4CE31F59A}.Release|Any CPU.ActiveCfg = Release|Any CPU
		{AE0EB4C7-EAA4-48C2-9DD7-53C4CE31F59A}.Release|Any CPU.Build.0 = Release|Any CPU
		{BAD07F28-5BBF-4680-8B92-7F85ACDFA9CD}.Debug|Any CPU.ActiveCfg = Debug|Any CPU
		{BAD07F28-5BBF-4680-8B92-7F85ACDFA9CD}.Debug|Any CPU.Build.0 = Debug|Any CPU
		{BAD07F28-5BBF-4680-8B92-7F85ACDFA9CD}.Release|Any CPU.ActiveCfg = Release|Any CPU
		{BAD07F28-5BBF-4680-8B92-7F85ACDFA9CD}.Release|Any CPU.Build.0 = Release|Any CPU
		{612C899B-822D-489F-A35C-6B4F7404C22C}.Debug|Any CPU.ActiveCfg = Debug|Any CPU
		{612C899B-822D-489F-A35C-6B4F7404C22C}.Debug|Any CPU.Build.0 = Debug|Any CPU
		{612C899B-822D-489F-A35C-6B4F7404C22C}.Release|Any CPU.ActiveCfg = Release|Any CPU
		{612C899B-822D-489F-A35C-6B4F7404C22C}.Release|Any CPU.Build.0 = Release|Any CPU
		{E49A3B49-284A-48F0-95C8-DE27D642A959}.Debug|Any CPU.ActiveCfg = Debug|Any CPU
		{E49A3B49-284A-48F0-95C8-DE27D642A959}.Debug|Any CPU.Build.0 = Debug|Any CPU
		{E49A3B49-284A-48F0-95C8-DE27D642A959}.Release|Any CPU.ActiveCfg = Release|Any CPU
		{E49A3B49-284A-48F0-95C8-DE27D642A959}.Release|Any CPU.Build.0 = Release|Any CPU
		{44F7A0B6-067D-4FC0-873A-7907F8D9317F}.Debug|Any CPU.ActiveCfg = Debug|Any CPU
		{44F7A0B6-067D-4FC0-873A-7907F8D9317F}.Debug|Any CPU.Build.0 = Debug|Any CPU
		{44F7A0B6-067D-4FC0-873A-7907F8D9317F}.Release|Any CPU.ActiveCfg = Release|Any CPU
		{44F7A0B6-067D-4FC0-873A-7907F8D9317F}.Release|Any CPU.Build.0 = Release|Any CPU
		{8C15FB9F-7003-4D45-AC4A-BAE386F24852}.Debug|Any CPU.ActiveCfg = Debug|Any CPU
		{8C15FB9F-7003-4D45-AC4A-BAE386F24852}.Debug|Any CPU.Build.0 = Debug|Any CPU
		{8C15FB9F-7003-4D45-AC4A-BAE386F24852}.Release|Any CPU.ActiveCfg = Release|Any CPU
		{8C15FB9F-7003-4D45-AC4A-BAE386F24852}.Release|Any CPU.Build.0 = Release|Any CPU
		{FF4B0225-2541-41AF-9664-D7C4DDEE2F4D}.Debug|Any CPU.ActiveCfg = Debug|Any CPU
		{FF4B0225-2541-41AF-9664-D7C4DDEE2F4D}.Debug|Any CPU.Build.0 = Debug|Any CPU
		{FF4B0225-2541-41AF-9664-D7C4DDEE2F4D}.Release|Any CPU.ActiveCfg = Release|Any CPU
		{FF4B0225-2541-41AF-9664-D7C4DDEE2F4D}.Release|Any CPU.Build.0 = Release|Any CPU
		{6538AA29-8806-4F24-B99E-D617DDF7A96B}.Debug|Any CPU.ActiveCfg = Debug|Any CPU
		{6538AA29-8806-4F24-B99E-D617DDF7A96B}.Debug|Any CPU.Build.0 = Debug|Any CPU
		{6538AA29-8806-4F24-B99E-D617DDF7A96B}.Release|Any CPU.ActiveCfg = Release|Any CPU
		{6538AA29-8806-4F24-B99E-D617DDF7A96B}.Release|Any CPU.Build.0 = Release|Any CPU
	EndGlobalSection
	GlobalSection(SolutionProperties) = preSolution
		HideSolutionNode = FALSE
	EndGlobalSection
	GlobalSection(ExtensibilityGlobals) = postSolution
		SolutionGuid = {ABB05974-5E66-4ADA-A941-2022438F0048}
	EndGlobalSection
EndGlobal
